version = 1
revision = 3
requires-python = ">=3.14"

[manifest]
members = [
    "core",
    "database",
    "services",
    "tests",
]

[manifest.dependency-groups]
dev = [{ name = "ruff", specifier = ">=0.16.0" }]

[[package]]
name = "behave"
version = "1.3.3"
source = { registry = "https://pypi.org/simple" }
dependencies = [
    { name = "colorama" },
    { name = "cucumber-expressions" },
    { name = "cucumber-tag-expressions" },
    { name = "parse" },
    { name = "parse-type" },
    { name = "six" },
]
sdist = { url = "https://files.pythonhosted.org/packages/62/51/f37442fe648b3e35ecf69bee803fa6db3f74c5b46d6c882d0bc5654185a2/behave-1.3.3.tar.gz", hash = "sha256:2b8f4b64ed2ea756a5a2a73e23defc1c4631e9e724c499e46661778453ebaf51", size = 892639, upload-time = "2025-09-04T12:12:02.531Z" }
wheels = [
    { url = "https://files.pythonhosted.org/packages/63/71/06f74ffed6d74525c5cd6677c97bd2df0b7649e47a249cf6a0c2038083b2/behave-1.3.3-py2.py3-none-any.whl", hash = "sha256:89bdb62af8fb9f147ce245736a5de69f025e5edfb66f1fbe16c5007493f842c0", size = 223594, upload-time = "2025-09-04T12:12:00.3Z" },
]

[[package]]
name = "colorama"
version = "0.4.6"
source = { registry = "https://pypi.org/simple" }
sdist = { url = "https://files.pythonhosted.org/packages/d8/53/6f443c9a4a8358a93a6792e2acffb9d9d5cb0a5cfd8802644b7b1c9a02e4/colorama-0.4.6.tar.gz", hash = "sha256:08695f5cb7ed6e0531a20572697297273c47b8cae5a63ffc6d6ed5c201be6e44", size = 27697, upload-time = "2022-10-25T02:36:22.414Z" }
wheels = [
    { url = "https://files.pythonhosted.org/packages/d1/d6/3965ed04c63042e047cb6a3e6ed1a63a35087b6a609aa3a15ed8ac56c221/colorama-0.4.6-py2.py3-none-any.whl", hash = "sha256:4f1d9991f5acc0ca119f9d443620b77f9d6b33703e51011c16baf57afb285fc6", size = 25335, upload-time = "2022-10-25T02:36:20.889Z" },
]

[[package]]
name = "core"
version = "0.1.0"
source = { editable = "libs/core" }
dependencies = [
    { name = "database" },
]

[package.metadata]
requires-dist = [{ name = "database", editable = "libs/database" }]

[[package]]
name = "cucumber-expressions"
version = "20.0.0"
source = { registry = "https://pypi.org/simple" }
sdist = { url = "https://files.pythonhosted.org/packages/a2/a6/eaac4ff3afdc776a4d3e0ef29c79db1c9faf11c423175771e225bcef9c84/cucumber_expressions-20.0.0.tar.gz", hash = "sha256:5cbd4012c66584aa82ada990a6e7cb131274796e132e905d27d95ae9a2ca0f48", size = 13738, upload-time = "2026-06-11T07:13:43.691Z" }
wheels = [
    { url = "https://files.pythonhosted.org/packages/75/24/e403585f201d30ab561d8a971a1adc4de28123fb9bf2f9813650fda8ddb0/cucumber_expressions-20.0.0-py3-none-any.whl", hash = "sha256:8a0434529efd7ca6e2052934ec8d677c7e24edc0fad3b1d1b1bc4bbca5e521f3", size = 20236, upload-time = "2026-06-11T07:13:42.667Z" },
]

[[package]]
name = "cucumber-tag-expressions"
version = "11.0.0"
source = { registry = "https://pypi.org/simple" }
sdist = { url = "https://files.pythonhosted.org/packages/01/98/69e82d5bfaebde03b205c6722e4ebe52940aad26a3768f3c3d28b1e391f3/cucumber_tag_expressions-11.0.0.tar.gz", hash = "sha256:9739a7b3e04b3ee9f77748d2b48dc9e7ff41b041ed6b651283cfec022f0e6d0b", size = 8442, upload-time = "2026-07-23T10:56:49.869Z" }
wheels = [
    { url = "https://files.pythonhosted.org/packages/ed/34/fbd46adb089ec277e9b7da3db479976c228c28407dce15e34554478c8ba9/cucumber_tag_expressions-11.0.0-py3-none-any.whl", hash = "sha256:86ce0647bed1e52d6a634649c31758faa22821531541848f221b1f6c4f75c9f7", size = 9723, upload-time = "2026-07-23T10:56:49.023Z" },
]

[[package]]
name = "database"
version = "0.1.0"
source = { editable = "libs/database" }

[[package]]
name = "parse"
version = "1.22.1"
source = { registry = "https://pypi.org/simple" }
sdist = { url = "https://files.pythonhosted.org/packages/a4/f2/0b504486c2a5564798607d3860e48ed19c6443d5e9cc3ec61cc6b8b4ef58/parse-1.22.1.tar.gz", hash = "sha256:d3a4740ec3da338e2b258b2d69741b731eadfddca59e24a14bc4ee5fce38c911", size = 36970, upload-time = "2026-05-26T03:44:52.624Z" }
wheels = [
    { url = "https://files.pythonhosted.org/packages/6f/c5/7c16e99869e1f422629092cfd23e3b58e461988c3f9c36fd3624bb4142e6/parse-1.22.1-py2.py3-none-any.whl", hash = "sha256:20f0925a46f06602485ac90d751764d0697fd8455aaa97489ba8953a4b66de32", size = 20925, upload-time = "2026-05-26T03:44:51.156Z" },
]

[[package]]
name = "parse-type"
version = "0.6.6"
source = { registry = "https://pypi.org/simple" }
dependencies = [
    { name = "parse" },
    { name = "six" },
]
sdist = { url = "https://files.pythonhosted.org/packages/19/ea/42ba6ce0abba04ab6e0b997dcb9b528a4661b62af1fe1b0d498120d5ea78/parse_type-0.6.6.tar.gz", hash = "sha256:513a3784104839770d690e04339a8b4d33439fcd5dd99f2e4580f9fc1097bfb2", size = 98012, upload-time = "2025-08-11T22:53:48.066Z" }
wheels = [
    { url = "https://files.pythonhosted.org/packages/85/8d/eef3d8cdccc32abdd91b1286884c99b8c3a6d3b135affcc2a7a0f383bb32/parse_type-0.6.6-py2.py3-none-any.whl", hash = "sha256:3ca79bbe71e170dfccc8ec6c341edfd1c2a0fc1e5cfd18330f93af938de2348c", size = 27085, upload-time = "2025-08-11T22:53:46.396Z" },
]

[[package]]
name = "ruff"
version = "0.16.0"
source = { registry = "https://pypi.org/simple" }
sdist = { url = "https://files.pythonhosted.org/packages/4d/94/1e5e4967626faf12fa56999cd6222dff6992ceb086ad7945756baf70c7a7/ruff-0.16.0.tar.gz", hash = "sha256:e460aafd5495ec89efaa6ced2e4a9a581116451e1c88b9d37ef497e0f8e93982", size = 4790557, upload-time = "2026-07-23T19:11:30.981Z" }
wheels = [
    { url = "https://files.pythonhosted.org/packages/4b/81/1c8818fee7ce1a04cd7d1b3172e0a8f8e4f1dc4feb7fc390e16daa8af323/ruff-0.16.0-py3-none-linux_armv6l.whl", hash = "sha256:e5115729eb08c585e5121978ba5d5b60caeae394ce21b9fb5e6cd33a1c6c9b1e", size = 10754633, upload-time = "2026-07-23T19:10:46.415Z" },
    { url = "https://files.pythonhosted.org/packages/23/df/beaf59c09d68db84304d555f188b276a77132a5d5b0b67a5c762aa143628/ruff-0.16.0-py3-none-macosx_10_12_x86_64.whl", hash = "sha256:3c954b1d580bfa035b41654f7858cc7e71d5fc3ac5b723dd62bd9133830ed522", size = 10969164, upload-time = "2026-07-23T19:10:50.271Z" },
    { url = "https://files.pythonhosted.org/packages/42/ce/741cd197496a1abbf51352710fd15ed995d2a2be87189c1da26a450d6e83/ruff-0.16.0-py3-none-macosx_11_0_arm64.whl", hash = "sha256:e01c21d10eb1b29f47b7454e1f4056db9a3f0260c646aa88457c610291db9f81", size = 10488846, upload-time = "2026-07-23T19:10:52.639Z" },
    { url = "https://files.pythonhosted.org/packages/52/2a/a2db8e88cade358f5cdcb05674a917751074109315d014eb6352d9a893f7/ruff-0.16.0-py3-none-manylinux_2_17_aarch64.manylinux2014_aarch64.whl", hash = "sha256:6e364e5ed22ed8dc05082fd78e35308618260907ac2d3c1d637b2e682415b6c9", size = 10889729, upload-time = "2026-07-23T19:10:54.89Z" },
    { url = "https://files.pythonhosted.org/packages/42/65/62a771694ebd63029dc953e27dbad40e1588bd4860ff9fe881018fddaa49/ruff-0.16.0-py3-none-manylinux_2_17_armv7l.manylinux2014_armv7l.whl", hash = "sha256:d327b8fc113a1d4421a04f3839d3752057c8dd1ee320223a6f3f52d04ada462a", size = 10568275, upload-time = "2026-07-23T19:10:56.993Z" },
    { url = "https://files.pythonhosted.org/packages/3f/e2/ced249fe8af5f086c5c58cc21cc3356d50f32f7401c5df87050c999620a7/ruff-0.16.0-py3-none-manylinux_2_17_i686.manylinux2014_i686.whl", hash = "sha256:a9b50c55e263103586b3dcf5f73d479eb8cb5fdb6098fec59a62891dab653717", size = 11385112, upload-time = "2026-07-23T19:10:59.615Z" },
    { url = "https://files.pythonhosted.org/packages/87/0b/05154977a8fd69eeb6c103271f55403bfd8711f5c0f8ed07489d95a504e7/ruff-0.16.0-py3-none-manylinux_2_17_ppc64le.manylinux2014_ppc64le.whl", hash = "sha256:0ff4a79ce3ec0172f3241943835de1c4cb4e2dcd07f0f8c2d02603dbbbee4b17", size = 12207008, upload-time = "2026-07-23T19:11:02.154Z" },
    { url = "https://files.pythonhosted.org/packages/fb/29/98225831a3a1eab0e02f4acc6ca6559a98611dcc68b6965ff4b7234627c1/ruff-0.16.0-py3-none-manylinux_2_17_s390x.manylinux2014_s390x.whl", hash = "sha256:e95c448fca1fb2a18372a9440926c5a6ee789639bb975c72e7ae6d0b04218ab4", size = 11650842, upload-time = "2026-07-23T19:11:04.557Z" },
    { url = "https://files.pythonhosted.org/packages/91/66/6bd3cf90500653d55dc0ffc8507aa8300bd49d0214b2e8cb4d3fef2943ba/ruff-0.16.0-py3-none-manylinux_2_17_x86_64.manylinux2014_x86_64.whl", hash = "sha256:4f11a8d11010301d0a398a2fdef67691feca7294da6aef55e2150e8fa2cd520b", size = 11400718, upload-time = "2026-07-23T19:11:09.233Z" },
    { url = "https://files.pythonhosted.org/packages/8e/a2/a54eb4eae05d66364050a5d3b8a9c5ef88196531b3cbe7109d873f87f819/ruff-0.16.0-py3-none-manylinux_2_31_riscv64.whl", hash = "sha256:48044c678e9cb8698246c99b14aaccfa6601dea7379eb48a6f8f73f7a6d86cd0", size = 11426177, upload-time = "2026-07-23T19:11:11.994Z" },
    { url = "https://files.pythonhosted.org/packages/1a/be/16e3eea4b2a478a496919f5e36f17c4559e54620bd3bbac5d6affa068006/ruff-0.16.0-py3-none-musllinux_1_2_aarch64.whl", hash = "sha256:7aa0959bad8eb8bef50340154fc9b58678dae31fa4293afa38b44b6e552c0213", size = 10856126, upload-time = "2026-07-23T19:11:14.221Z" },
    { url = "https://files.pythonhosted.org/packages/a2/84/252eb8b868a16eec7257c14f504f77537e734b2d69c762e639e588e304a3/ruff-0.16.0-py3-none-musllinux_1_2_armv7l.whl", hash = "sha256:28ea2b7df8ebf7f9da6b7d47b230ab48f387c0a29be3b474c4d0740e197bb9af", size = 10571208, upload-time = "2026-07-23T19:11:16.378Z" },
    { url = "https://files.pythonhosted.org/packages/21/09/817a482f542f7570cbb4554b26e896610c7114f539b1d9e2d2145bf6bef6/ruff-0.16.0-py3-none-musllinux_1_2_i686.whl", hash = "sha256:33a3dfac8c35f81498dea9181bccc2f4c4bc8f1521a1dd9406e77643e0f0fb09", size = 11063329, upload-time = "2026-07-23T19:11:19.173Z" },
    { url = "https://files.pythonhosted.org/packages/2e/23/9403c180ca1cb9b1f7335f5c3e5305c09d49ea5b345196682a36028bde4a/ruff-0.16.0-py3-none-musllinux_1_2_x86_64.whl", hash = "sha256:a5237a0bda500d30d81b8e07a6973a5cbc772864cbf746ae2f4e8a2e01c9f4ed", size = 11489751, upload-time = "2026-07-23T19:11:21.74Z" },
    { url = "https://files.pythonhosted.org/packages/b2/1d/1b2ef7bcde851c78d7f17f1cca13fd6dc695fc4b3d6197941e72cae5b132/ruff-0.16.0-py3-none-win32.whl", hash = "sha256:7fab76fa065c873f41ff744347c6e77bcc3dfec4bcc754dc26b63d23c0f7f5fb", size = 10785885, upload-time = "2026-07-23T19:11:23.947Z" },
    { url = "https://files.pythonhosted.org/packages/b2/a3/d5e4ef7a56be3f928ffb90b94c25ba7d3cb9c7fe0736aeaaedf361770712/ruff-0.16.0-py3-none-win_amd64.whl", hash = "sha256:429c117f022bf481fabd9d551e7a3952b24c65e6ef44337ea09d90bebef14472", size = 11923141, upload-time = "2026-07-23T19:11:26.409Z" },
    { url = "https://files.pythonhosted.org/packages/cb/9a/8415f2657cbe200f41a4531ccededf135505a92d4a012229121f885b26f9/ruff-0.16.0-py3-none-win_arm64.whl", hash = "sha256:14296fedcd2705c77ab8235439278bbb38f285cf7da5528b00b3e330c3d4872d", size = 11273407, upload-time = "2026-07-23T19:11:28.705Z" },
]

[[package]]
name = "services"
version = "0.1.0"
source = { editable = "libs/services" }
dependencies = [
    { name = "core" },
    { name = "database" },
]

[package.metadata]
requires-dist = [
    { name = "core", editable = "libs/core" },
    { name = "database", editable = "libs/database" },
]

[[package]]
name = "six"
version = "1.17.0"
source = { registry = "https://pypi.org/simple" }
sdist = { url = "https://files.pythonhosted.org/packages/94/e7/b2c673351809dca68a0e064b6af791aa332cf192da575fd474ed7d6f16a2/six-1.17.0.tar.gz", hash = "sha256:ff70335d468e7eb6ec65b95b99d3a2836546063f63acc5171de367e834932a81", size = 34031, upload-time = "2024-12-04T17:35:28.174Z" }
wheels = [
    { url = "https://files.pythonhosted.org/packages/b7/ce/149a00dd41f10bc29e5921b496af8b574d8413afcd5e30dfa0ed46c2cc5e/six-1.17.0-py2.py3-none-any.whl", hash = "sha256:4721f391ed90541fddacab5acf947aa0d3dc7d27b2e1e8eda2be8970586c3274", size = 11050, upload-time = "2024-12-04T17:35:26.475Z" },
]

[[package]]
name = "tests"
version = "0.1.0"
source = { virtual = "tests" }
dependencies = [
    { name = "behave" },
    { name = "core" },
    { name = "database" },
    { name = "services" },
]

[package.metadata]
requires-dist = [
    { name = "behave", specifier = ">=1.3.3" },
    { name = "core", editable = "libs/core" },
    { name = "database", editable = "libs/database" },
    { name = "services", editable = "libs/services" },
]
